// !$*UTF8*$!
{
	archiveVersion = 1;
	classes = {
	};
	objectVersion = 46;
	objects = {

/* Begin PBXBuildFile section */
		5F0B225C1E582EBA00271CD3 /* SettingsVC.swift in Sources */ = {isa = PBXBuildFile; fileRef = 5F0B225B1E582EBA00271CD3 /* SettingsVC.swift */; };
		5F86FEA21E52632B00A5DE86 /* AppDelegate.swift in Sources */ = {isa = PBXBuildFile; fileRef = 5F86FEA11E52632B00A5DE86 /* AppDelegate.swift */; };
		5F86FEA41E52632B00A5DE86 /* ViewController.swift in Sources */ = {isa = PBXBuildFile; fileRef = 5F86FEA31E52632B00A5DE86 /* ViewController.swift */; };
		5F86FEA71E52632B00A5DE86 /* Main.storyboard in Resources */ = {isa = PBXBuildFile; fileRef = 5F86FEA51E52632B00A5DE86 /* Main.storyboard */; };
		5F86FEAA1E52632B00A5DE86 /* SlimTech.xcdatamodeld in Sources */ = {isa = PBXBuildFile; fileRef = 5F86FEA81E52632B00A5DE86 /* SlimTech.xcdatamodeld */; };
		5F86FEAC1E52632B00A5DE86 /* Assets.xcassets in Resources */ = {isa = PBXBuildFile; fileRef = 5F86FEAB1E52632B00A5DE86 /* Assets.xcassets */; };
		5F86FEAF1E52632B00A5DE86 /* LaunchScreen.storyboard in Resources */ = {isa = PBXBuildFile; fileRef = 5F86FEAD1E52632B00A5DE86 /* LaunchScreen.storyboard */; };
		5F86FEBA1E52632B00A5DE86 /* SlimTechTests.swift in Sources */ = {isa = PBXBuildFile; fileRef = 5F86FEB91E52632B00A5DE86 /* SlimTechTests.swift */; };
		5F86FEC51E52632B00A5DE86 /* SlimTechUITests.swift in Sources */ = {isa = PBXBuildFile; fileRef = 5F86FEC41E52632B00A5DE86 /* SlimTechUITests.swift */; };
		5F86FEE01E5263AC00A5DE86 /* JBChart.framework in Frameworks */ = {isa = PBXBuildFile; fileRef = 5F86FED71E5263AC00A5DE86 /* JBChart.framework */; };
		5F86FEE71E5263AC00A5DE86 /* JBChartTests.m in Sources */ = {isa = PBXBuildFile; fileRef = 5F86FEE61E5263AC00A5DE86 /* JBChartTests.m */; };
		5F86FEE91E5263AC00A5DE86 /* JBChart.h in Headers */ = {isa = PBXBuildFile; fileRef = 5F86FED91E5263AC00A5DE86 /* JBChart.h */; settings = {ATTRIBUTES = (Public, ); }; };
		5F86FEEC1E5263AC00A5DE86 /* JBChart.framework in Frameworks */ = {isa = PBXBuildFile; fileRef = 5F86FED71E5263AC00A5DE86 /* JBChart.framework */; };
		5F86FEED1E5263AC00A5DE86 /* JBChart.framework in Embed Frameworks */ = {isa = PBXBuildFile; fileRef = 5F86FED71E5263AC00A5DE86 /* JBChart.framework */; settings = {ATTRIBUTES = (CodeSignOnCopy, RemoveHeadersOnCopy, ); }; };
		5F86FEFC1E5263D200A5DE86 /* JBBarChartView.h in Headers */ = {isa = PBXBuildFile; fileRef = 5F86FEF61E5263D200A5DE86 /* JBBarChartView.h */; settings = {ATTRIBUTES = (Public, ); }; };
		5F86FEFD1E5263D200A5DE86 /* JBBarChartView.m in Sources */ = {isa = PBXBuildFile; fileRef = 5F86FEF71E5263D200A5DE86 /* JBBarChartView.m */; };
		5F86FEFE1E5263D200A5DE86 /* JBChartView.h in Headers */ = {isa = PBXBuildFile; fileRef = 5F86FEF81E5263D200A5DE86 /* JBChartView.h */; settings = {ATTRIBUTES = (Public, ); }; };
		5F86FEFF1E5263D200A5DE86 /* JBChartView.m in Sources */ = {isa = PBXBuildFile; fileRef = 5F86FEF91E5263D200A5DE86 /* JBChartView.m */; };
		5F86FF001E5263D200A5DE86 /* JBLineChartView.h in Headers */ = {isa = PBXBuildFile; fileRef = 5F86FEFA1E5263D200A5DE86 /* JBLineChartView.h */; settings = {ATTRIBUTES = (Public, ); }; };
		5F86FF011E5263D200A5DE86 /* JBLineChartView.m in Sources */ = {isa = PBXBuildFile; fileRef = 5F86FEFB1E5263D200A5DE86 /* JBLineChartView.m */; };
		5FCD900A1E8D8EBA00DC1407 /* Data+CoreDataClass.swift in Sources */ = {isa = PBXBuildFile; fileRef = 5FCD90061E8D8EBA00DC1407 /* Data+CoreDataClass.swift */; };
		5FCD900B1E8D8EBA00DC1407 /* Data+CoreDataProperties.swift in Sources */ = {isa = PBXBuildFile; fileRef = 5FCD90071E8D8EBA00DC1407 /* Data+CoreDataProperties.swift */; };
		5FCD900C1E8D8EBA00DC1407 /* Settings+CoreDataClass.swift in Sources */ = {isa = PBXBuildFile; fileRef = 5FCD90081E8D8EBA00DC1407 /* Settings+CoreDataClass.swift */; };
		5FCD900D1E8D8EBA00DC1407 /* Settings+CoreDataProperties.swift in Sources */ = {isa = PBXBuildFile; fileRef = 5FCD90091E8D8EBA00DC1407 /* Settings+CoreDataProperties.swift */; };
/* End PBXBuildFile section */

/* Begin PBXContainerItemProxy section */
		5F86FEB61E52632B00A5DE86 /* PBXContainerItemProxy */ = {
			isa = PBXContainerItemProxy;
			containerPortal = 5F86FE961E52632B00A5DE86 /* Project object */;
			proxyType = 1;
			remoteGlobalIDString = 5F86FE9D1E52632B00A5DE86;
			remoteInfo = SlimTech;
		};
		5F86FEC11E52632B00A5DE86 /* PBXContainerItemProxy */ = {
			isa = PBXContainerItemProxy;
			containerPortal = 5F86FE961E52632B00A5DE86 /* Project object */;
			proxyType = 1;
			remoteGlobalIDString = 5F86FE9D1E52632B00A5DE86;
			remoteInfo = SlimTech;
		};
		5F86FEE11E5263AC00A5DE86 /* PBXContainerItemProxy */ = {
			isa = PBXContainerItemProxy;
			containerPortal = 5F86FE961E52632B00A5DE86 /* Project object */;
			proxyType = 1;
			remoteGlobalIDString = 5F86FED61E5263AC00A5DE86;
			remoteInfo = JBChart;
		};
		5F86FEE31E5263AC00A5DE86 /* PBXContainerItemProxy */ = {
			isa = PBXContainerItemProxy;
			containerPortal = 5F86FE961E52632B00A5DE86 /* Project object */;
			proxyType = 1;
			remoteGlobalIDString = 5F86FE9D1E52632B00A5DE86;
			remoteInfo = SlimTech;
		};
		5F86FEEA1E5263AC00A5DE86 /* PBXContainerItemProxy */ = {
			isa = PBXContainerItemProxy;
			containerPortal = 5F86FE961E52632B00A5DE86 /* Project object */;
			proxyType = 1;
			remoteGlobalIDString = 5F86FED61E5263AC00A5DE86;
			remoteInfo = JBChart;
		};
/* End PBXContainerItemProxy section */

/* Begin PBXCopyFilesBuildPhase section */
		5F86FEF11E5263AC00A5DE86 /* Embed Frameworks */ = {
			isa = PBXCopyFilesBuildPhase;
			buildActionMask = 2147483647;
			dstPath = "";
			dstSubfolderSpec = 10;
			files = (
				5F86FEED1E5263AC00A5DE86 /* JBChart.framework in Embed Frameworks */,
			);
			name = "Embed Frameworks";
			runOnlyForDeploymentPostprocessing = 0;
		};
/* End PBXCopyFilesBuildPhase section */

/* Begin PBXFileReference section */
		5F0B225B1E582EBA00271CD3 /* SettingsVC.swift */ = {isa = PBXFileReference; fileEncoding = 4; lastKnownFileType = sourcecode.swift; path = SettingsVC.swift; sourceTree = "<group>"; };
		5F86FE9E1E52632B00A5DE86 /* SlimTech.app */ = {isa = PBXFileReference; explicitFileType = wrapper.application; includeInIndex = 0; path = SlimTech.app; sourceTree = BUILT_PRODUCTS_DIR; };
		5F86FEA11E52632B00A5DE86 /* AppDelegate.swift */ = {isa = PBXFileReference; lastKnownFileType = sourcecode.swift; path = AppDelegate.swift; sourceTree = "<group>"; };
		5F86FEA31E52632B00A5DE86 /* ViewController.swift */ = {isa = PBXFileReference; lastKnownFileType = sourcecode.swift; lineEnding = 0; path = ViewController.swift; sourceTree = "<group>"; xcLanguageSpecificationIdentifier = xcode.lang.swift; };
		5F86FEA61E52632B00A5DE86 /* Base */ = {isa = PBXFileReference; lastKnownFileType = file.storyboard; name = Base; path = Base.lproj/Main.storyboard; sourceTree = "<group>"; };
		5F86FEA91E52632B00A5DE86 /* SlimTech.xcdatamodel */ = {isa = PBXFileReference; lastKnownFileType = wrapper.xcdatamodel; path = SlimTech.xcdatamodel; sourceTree = "<group>"; };
		5F86FEAB1E52632B00A5DE86 /* Assets.xcassets */ = {isa = PBXFileReference; lastKnownFileType = folder.assetcatalog; path = Assets.xcassets; sourceTree = "<group>"; };
		5F86FEAE1E52632B00A5DE86 /* Base */ = {isa = PBXFileReference; lastKnownFileType = file.storyboard; name = Base; path = Base.lproj/LaunchScreen.storyboard; sourceTree = "<group>"; };
		5F86FEB01E52632B00A5DE86 /* Info.plist */ = {isa = PBXFileReference; lastKnownFileType = text.plist.xml; path = Info.plist; sourceTree = "<group>"; };
		5F86FEB51E52632B00A5DE86 /* SlimTechTests.xctest */ = {isa = PBXFileReference; explicitFileType = wrapper.cfbundle; includeInIndex = 0; path = SlimTechTests.xctest; sourceTree = BUILT_PRODUCTS_DIR; };
		5F86FEB91E52632B00A5DE86 /* SlimTechTests.swift */ = {isa = PBXFileReference; lastKnownFileType = sourcecode.swift; path = SlimTechTests.swift; sourceTree = "<group>"; };
		5F86FEBB1E52632B00A5DE86 /* Info.plist */ = {isa = PBXFileReference; lastKnownFileType = text.plist.xml; path = Info.plist; sourceTree = "<group>"; };
		5F86FEC01E52632B00A5DE86 /* SlimTechUITests.xctest */ = {isa = PBXFileReference; explicitFileType = wrapper.cfbundle; includeInIndex = 0; path = SlimTechUITests.xctest; sourceTree = BUILT_PRODUCTS_DIR; };
		5F86FEC41E52632B00A5DE86 /* SlimTechUITests.swift */ = {isa = PBXFileReference; lastKnownFileType = sourcecode.swift; path = SlimTechUITests.swift; sourceTree = "<group>"; };
		5F86FEC61E52632B00A5DE86 /* Info.plist */ = {isa = PBXFileReference; lastKnownFileType = text.plist.xml; path = Info.plist; sourceTree = "<group>"; };
		5F86FED71E5263AC00A5DE86 /* JBChart.framework */ = {isa = PBXFileReference; explicitFileType = wrapper.framework; includeInIndex = 0; path = JBChart.framework; sourceTree = BUILT_PRODUCTS_DIR; };
		5F86FED91E5263AC00A5DE86 /* JBChart.h */ = {isa = PBXFileReference; lastKnownFileType = sourcecode.c.h; path = JBChart.h; sourceTree = "<group>"; };
		5F86FEDA1E5263AC00A5DE86 /* Info.plist */ = {isa = PBXFileReference; lastKnownFileType = text.plist.xml; path = Info.plist; sourceTree = "<group>"; };
		5F86FEDF1E5263AC00A5DE86 /* JBChartTests.xctest */ = {isa = PBXFileReference; explicitFileType = wrapper.cfbundle; includeInIndex = 0; path = JBChartTests.xctest; sourceTree = BUILT_PRODUCTS_DIR; };
		5F86FEE61E5263AC00A5DE86 /* JBChartTests.m */ = {isa = PBXFileReference; lastKnownFileType = sourcecode.c.objc; path = JBChartTests.m; sourceTree = "<group>"; };
		5F86FEE81E5263AC00A5DE86 /* Info.plist */ = {isa = PBXFileReference; lastKnownFileType = text.plist.xml; path = Info.plist; sourceTree = "<group>"; };
		5F86FEF61E5263D200A5DE86 /* JBBarChartView.h */ = {isa = PBXFileReference; fileEncoding = 4; lastKnownFileType = sourcecode.c.h; path = JBBarChartView.h; sourceTree = "<group>"; };
		5F86FEF71E5263D200A5DE86 /* JBBarChartView.m */ = {isa = PBXFileReference; fileEncoding = 4; lastKnownFileType = sourcecode.c.objc; path = JBBarChartView.m; sourceTree = "<group>"; };
		5F86FEF81E5263D200A5DE86 /* JBChartView.h */ = {isa = PBXFileReference; fileEncoding = 4; lastKnownFileType = sourcecode.c.h; path = JBChartView.h; sourceTree = "<group>"; };
		5F86FEF91E5263D200A5DE86 /* JBChartView.m */ = {isa = PBXFileReference; fileEncoding = 4; lastKnownFileType = sourcecode.c.objc; path = JBChartView.m; sourceTree = "<group>"; };
		5F86FEFA1E5263D200A5DE86 /* JBLineChartView.h */ = {isa = PBXFileReference; fileEncoding = 4; lastKnownFileType = sourcecode.c.h; path = JBLineChartView.h; sourceTree = "<group>"; };
		5F86FEFB1E5263D200A5DE86 /* JBLineChartView.m */ = {isa = PBXFileReference; fileEncoding = 4; lastKnownFileType = sourcecode.c.objc; lineEnding = 0; path = JBLineChartView.m; sourceTree = "<group>"; xcLanguageSpecificationIdentifier = xcode.lang.objc; };
		5FCD90061E8D8EBA00DC1407 /* Data+CoreDataClass.swift */ = {isa = PBXFileReference; fileEncoding = 4; lastKnownFileType = sourcecode.swift; path = "Data+CoreDataClass.swift"; sourceTree = "<group>"; };
		5FCD90071E8D8EBA00DC1407 /* Data+CoreDataProperties.swift */ = {isa = PBXFileReference; fileEncoding = 4; lastKnownFileType = sourcecode.swift; path = "Data+CoreDataProperties.swift"; sourceTree = "<group>"; };
		5FCD90081E8D8EBA00DC1407 /* Settings+CoreDataClass.swift */ = {isa = PBXFileReference; fileEncoding = 4; lastKnownFileType = sourcecode.swift; path = "Settings+CoreDataClass.swift"; sourceTree = "<group>"; };
		5FCD90091E8D8EBA00DC1407 /* Settings+CoreDataProperties.swift */ = {isa = PBXFileReference; fileEncoding = 4; lastKnownFileType = sourcecode.swift; path = "Settings+CoreDataProperties.swift"; sourceTree = "<group>"; };
/* End PBXFileReference section */

/* Begin PBXFrameworksBuildPhase section */
		5F86FE9B1E52632B00A5DE86 /* Frameworks */ = {
			isa = PBXFrameworksBuildPhase;
			buildActionMask = 2147483647;
			files = (
				5F86FEEC1E5263AC00A5DE86 /* JBChart.framework in Frameworks */,
			);
			runOnlyForDeploymentPostprocessing = 0;
		};
		5F86FEB21E52632B00A5DE86 /* Frameworks */ = {
			isa = PBXFrameworksBuildPhase;
			buildActionMask = 2147483647;
			files = (
			);
			runOnlyForDeploymentPostprocessing = 0;
		};
		5F86FEBD1E52632B00A5DE86 /* Frameworks */ = {
			isa = PBXFrameworksBuildPhase;
			buildActionMask = 2147483647;
			files = (
			);
			runOnlyForDeploymentPostprocessing = 0;
		};
		5F86FED31E5263AC00A5DE86 /* Frameworks */ = {
			isa = PBXFrameworksBuildPhase;
			buildActionMask = 2147483647;
			files = (
			);
			runOnlyForDeploymentPostprocessing = 0;
		};
		5F86FEDC1E5263AC00A5DE86 /* Frameworks */ = {
			isa = PBXFrameworksBuildPhase;
			buildActionMask = 2147483647;
			files = (
				5F86FEE01E5263AC00A5DE86 /* JBChart.framework in Frameworks */,
			);
			runOnlyForDeploymentPostprocessing = 0;
		};
/* End PBXFrameworksBuildPhase section */

/* Begin PBXGroup section */
		5F86FE951E52632B00A5DE86 = {
			isa = PBXGroup;
			children = (
				5F86FEA01E52632B00A5DE86 /* SlimTech */,
				5F86FEB81E52632B00A5DE86 /* SlimTechTests */,
				5F86FEC31E52632B00A5DE86 /* SlimTechUITests */,
				5F86FED81E5263AC00A5DE86 /* JBChart */,
				5F86FEE51E5263AC00A5DE86 /* JBChartTests */,
				5F86FE9F1E52632B00A5DE86 /* Products */,
			);
			sourceTree = "<group>";
		};
		5F86FE9F1E52632B00A5DE86 /* Products */ = {
			isa = PBXGroup;
			children = (
				5F86FE9E1E52632B00A5DE86 /* SlimTech.app */,
				5F86FEB51E52632B00A5DE86 /* SlimTechTests.xctest */,
				5F86FEC01E52632B00A5DE86 /* SlimTechUITests.xctest */,
				5F86FED71E5263AC00A5DE86 /* JBChart.framework */,
				5F86FEDF1E5263AC00A5DE86 /* JBChartTests.xctest */,
			);
			name = Products;
			sourceTree = "<group>";
		};
		5F86FEA01E52632B00A5DE86 /* SlimTech */ = {
			isa = PBXGroup;
			children = (
				5FCD900E1E8D8EC800DC1407 /* Model */,
				5F86FEA11E52632B00A5DE86 /* AppDelegate.swift */,
				5F86FEA31E52632B00A5DE86 /* ViewController.swift */,
				5F0B225B1E582EBA00271CD3 /* SettingsVC.swift */,
				5F86FEA51E52632B00A5DE86 /* Main.storyboard */,
				5F86FEAB1E52632B00A5DE86 /* Assets.xcassets */,
				5F86FEAD1E52632B00A5DE86 /* LaunchScreen.storyboard */,
				5F86FEB01E52632B00A5DE86 /* Info.plist */,
				5F86FEA81E52632B00A5DE86 /* SlimTech.xcdatamodeld */,
			);
			path = SlimTech;
			sourceTree = "<group>";
		};
		5F86FEB81E52632B00A5DE86 /* SlimTechTests */ = {
			isa = PBXGroup;
			children = (
				5F86FEB91E52632B00A5DE86 /* SlimTechTests.swift */,
				5F86FEBB1E52632B00A5DE86 /* Info.plist */,
			);
			path = SlimTechTests;
			sourceTree = "<group>";
		};
		5F86FEC31E52632B00A5DE86 /* SlimTechUITests */ = {
			isa = PBXGroup;
			children = (
				5F86FEC41E52632B00A5DE86 /* SlimTechUITests.swift */,
				5F86FEC61E52632B00A5DE86 /* Info.plist */,
			);
			path = SlimTechUITests;
			sourceTree = "<group>";
		};
		5F86FED81E5263AC00A5DE86 /* JBChart */ = {
			isa = PBXGroup;
			children = (
				5F86FED91E5263AC00A5DE86 /* JBChart.h */,
				5F86FEF51E5263B200A5DE86 /* Classes */,
				5F86FEDA1E5263AC00A5DE86 /* Info.plist */,
			);
			path = JBChart;
			sourceTree = "<group>";
		};
		5F86FEE51E5263AC00A5DE86 /* JBChartTests */ = {
			isa = PBXGroup;
			children = (
				5F86FEE61E5263AC00A5DE86 /* JBChartTests.m */,
				5F86FEE81E5263AC00A5DE86 /* Info.plist */,
			);
			path = JBChartTests;
			sourceTree = "<group>";
		};
		5F86FEF51E5263B200A5DE86 /* Classes */ = {
			isa = PBXGroup;
			children = (
				5F86FEF61E5263D200A5DE86 /* JBBarChartView.h */,
				5F86FEF71E5263D200A5DE86 /* JBBarChartView.m */,
				5F86FEF81E5263D200A5DE86 /* JBChartView.h */,
				5F86FEF91E5263D200A5DE86 /* JBChartView.m */,
				5F86FEFA1E5263D200A5DE86 /* JBLineChartView.h */,
				5F86FEFB1E5263D200A5DE86 /* JBLineChartView.m */,
			);
			name = Classes;
			sourceTree = "<group>";
		};
		5FCD900E1E8D8EC800DC1407 /* Model */ = {
			isa = PBXGroup;
			children = (
				5FCD90061E8D8EBA00DC1407 /* Data+CoreDataClass.swift */,
				5FCD90081E8D8EBA00DC1407 /* Settings+CoreDataClass.swift */,
				5FCD90101E8D8EDB00DC1407 /* Generated */,
			);
			name = Model;
			sourceTree = "<group>";
		};
		5FCD90101E8D8EDB00DC1407 /* Generated */ = {
			isa = PBXGroup;
			children = (
				5FCD90071E8D8EBA00DC1407 /* Data+CoreDataProperties.swift */,
				5FCD90091E8D8EBA00DC1407 /* Settings+CoreDataProperties.swift */,
			);
			name = Generated;
			sourceTree = "<group>";
		};
/* End PBXGroup section */

/* Begin PBXHeadersBuildPhase section */
		5F86FED41E5263AC00A5DE86 /* Headers */ = {
			isa = PBXHeadersBuildPhase;
			buildActionMask = 2147483647;
			files = (
				5F86FF001E5263D200A5DE86 /* JBLineChartView.h in Headers */,
				5F86FEFC1E5263D200A5DE86 /* JBBarChartView.h in Headers */,
				5F86FEFE1E5263D200A5DE86 /* JBChartView.h in Headers */,
				5F86FEE91E5263AC00A5DE86 /* JBChart.h in Headers */,
			);
			runOnlyForDeploymentPostprocessing = 0;
		};
/* End PBXHeadersBuildPhase section */

/* Begin PBXNativeTarget section */
		5F86FE9D1E52632B00A5DE86 /* SlimTech */ = {
			isa = PBXNativeTarget;
			buildConfigurationList = 5F86FEC91E52632B00A5DE86 /* Build configuration list for PBXNativeTarget "SlimTech" */;
			buildPhases = (
				5F86FE9A1E52632B00A5DE86 /* Sources */,
				5F86FE9B1E52632B00A5DE86 /* Frameworks */,
				5F86FE9C1E52632B00A5DE86 /* Resources */,
				5F86FEF11E5263AC00A5DE86 /* Embed Frameworks */,
			);
			buildRules = (
			);
			dependencies = (
				5F86FEEB1E5263AC00A5DE86 /* PBXTargetDependency */,
			);
			name = SlimTech;
			productName = SlimTech;
			productReference = 5F86FE9E1E52632B00A5DE86 /* SlimTech.app */;
			productType = "com.apple.product-type.application";
		};
		5F86FEB41E52632B00A5DE86 /* SlimTechTests */ = {
			isa = PBXNativeTarget;
			buildConfigurationList = 5F86FECC1E52632B00A5DE86 /* Build configuration list for PBXNativeTarget "SlimTechTests" */;
			buildPhases = (
				5F86FEB11E52632B00A5DE86 /* Sources */,
				5F86FEB21E52632B00A5DE86 /* Frameworks */,
				5F86FEB31E52632B00A5DE86 /* Resources */,
			);
			buildRules = (
			);
			dependencies = (
				5F86FEB71E52632B00A5DE86 /* PBXTargetDependency */,
			);
			name = SlimTechTests;
			productName = SlimTechTests;
			productReference = 5F86FEB51E52632B00A5DE86 /* SlimTechTests.xctest */;
			productType = "com.apple.product-type.bundle.unit-test";
		};
		5F86FEBF1E52632B00A5DE86 /* SlimTechUITests */ = {
			isa = PBXNativeTarget;
			buildConfigurationList = 5F86FECF1E52632B00A5DE86 /* Build configuration list for PBXNativeTarget "SlimTechUITests" */;
			buildPhases = (
				5F86FEBC1E52632B00A5DE86 /* Sources */,
				5F86FEBD1E52632B00A5DE86 /* Frameworks */,
				5F86FEBE1E52632B00A5DE86 /* Resources */,
			);
			buildRules = (
			);
			dependencies = (
				5F86FEC21E52632B00A5DE86 /* PBXTargetDependency */,
			);
			name = SlimTechUITests;
			productName = SlimTechUITests;
			productReference = 5F86FEC01E52632B00A5DE86 /* SlimTechUITests.xctest */;
			productType = "com.apple.product-type.bundle.ui-testing";
		};
		5F86FED61E5263AC00A5DE86 /* JBChart */ = {
			isa = PBXNativeTarget;
			buildConfigurationList = 5F86FEEE1E5263AC00A5DE86 /* Build configuration list for PBXNativeTarget "JBChart" */;
			buildPhases = (
				5F86FED21E5263AC00A5DE86 /* Sources */,
				5F86FED31E5263AC00A5DE86 /* Frameworks */,
				5F86FED41E5263AC00A5DE86 /* Headers */,
				5F86FED51E5263AC00A5DE86 /* Resources */,
			);
			buildRules = (
			);
			dependencies = (
			);
			name = JBChart;
			productName = JBChart;
			productReference = 5F86FED71E5263AC00A5DE86 /* JBChart.framework */;
			productType = "com.apple.product-type.framework";
		};
		5F86FEDE1E5263AC00A5DE86 /* JBChartTests */ = {
			isa = PBXNativeTarget;
			buildConfigurationList = 5F86FEF21E5263AC00A5DE86 /* Build configuration list for PBXNativeTarget "JBChartTests" */;
			buildPhases = (
				5F86FEDB1E5263AC00A5DE86 /* Sources */,
				5F86FEDC1E5263AC00A5DE86 /* Frameworks */,
				5F86FEDD1E5263AC00A5DE86 /* Resources */,
			);
			buildRules = (
			);
			dependencies = (
				5F86FEE21E5263AC00A5DE86 /* PBXTargetDependency */,
				5F86FEE41E5263AC00A5DE86 /* PBXTargetDependency */,
			);
			name = JBChartTests;
			productName = JBChartTests;
			productReference = 5F86FEDF1E5263AC00A5DE86 /* JBChartTests.xctest */;
			productType = "com.apple.product-type.bundle.unit-test";
		};
/* End PBXNativeTarget section */

/* Begin PBXProject section */
		5F86FE961E52632B00A5DE86 /* Project object */ = {
			isa = PBXProject;
			attributes = {
				LastSwiftUpdateCheck = 0820;
				LastUpgradeCheck = 0820;
				ORGANIZATIONNAME = Droplet;
				TargetAttributes = {
					5F86FE9D1E52632B00A5DE86 = {
						CreatedOnToolsVersion = 8.2.1;
						ProvisioningStyle = Automatic;
					};
					5F86FEB41E52632B00A5DE86 = {
						CreatedOnToolsVersion = 8.2.1;
						ProvisioningStyle = Automatic;
						TestTargetID = 5F86FE9D1E52632B00A5DE86;
					};
					5F86FEBF1E52632B00A5DE86 = {
						CreatedOnToolsVersion = 8.2.1;
						ProvisioningStyle = Automatic;
						TestTargetID = 5F86FE9D1E52632B00A5DE86;
					};
					5F86FED61E5263AC00A5DE86 = {
						CreatedOnToolsVersion = 8.2.1;
						ProvisioningStyle = Automatic;
					};
					5F86FEDE1E5263AC00A5DE86 = {
						CreatedOnToolsVersion = 8.2.1;
						ProvisioningStyle = Automatic;
						TestTargetID = 5F86FE9D1E52632B00A5DE86;
					};
				};
			};
			buildConfigurationList = 5F86FE991E52632B00A5DE86 /* Build configuration list for PBXProject "SlimTech" */;
			compatibilityVersion = "Xcode 3.2";
			developmentRegion = English;
			hasScannedForEncodings = 0;
			knownRegions = (
				en,
				Base,
			);
			mainGroup = 5F86FE951E52632B00A5DE86;
			productRefGroup = 5F86FE9F1E52632B00A5DE86 /* Products */;
			projectDirPath = "";
			projectRoot = "";
			targets = (
				5F86FE9D1E52632B00A5DE86 /* SlimTech */,
				5F86FEB41E52632B00A5DE86 /* SlimTechTests */,
				5F86FEBF1E52632B00A5DE86 /* SlimTechUITests */,
				5F86FED61E5263AC00A5DE86 /* JBChart */,
				5F86FEDE1E5263AC00A5DE86 /* JBChartTests */,
			);
		};
/* End PBXProject section */

/* Begin PBXResourcesBuildPhase section */
		5F86FE9C1E52632B00A5DE86 /* Resources */ = {
			isa = PBXResourcesBuildPhase;
			buildActionMask = 2147483647;
			files = (
				5F86FEAF1E52632B00A5DE86 /* LaunchScreen.storyboard in Resources */,
				5F86FEAC1E52632B00A5DE86 /* Assets.xcassets in Resources */,
				5F86FEA71E52632B00A5DE86 /* Main.storyboard in Resources */,
			);
			runOnlyForDeploymentPostprocessing = 0;
		};
		5F86FEB31E52632B00A5DE86 /* Resources */ = {
			isa = PBXResourcesBuildPhase;
			buildActionMask = 2147483647;
			files = (
			);
			runOnlyForDeploymentPostprocessing = 0;
		};
		5F86FEBE1E52632B00A5DE86 /* Resources */ = {
			isa = PBXResourcesBuildPhase;
			buildActionMask = 2147483647;
			files = (
			);
			runOnlyForDeploymentPostprocessing = 0;
		};
		5F86FED51E5263AC00A5DE86 /* Resources */ = {
			isa = PBXResourcesBuildPhase;
			buildActionMask = 2147483647;
			files = (
			);
			runOnlyForDeploymentPostprocessing = 0;
		};
		5F86FEDD1E5263AC00A5DE86 /* Resources */ = {
			isa = PBXResourcesBuildPhase;
			buildActionMask = 2147483647;
			files = (
			);
			runOnlyForDeploymentPostprocessing = 0;
		};
/* End PBXResourcesBuildPhase section */

/* Begin PBXSourcesBuildPhase section */
		5F86FE9A1E52632B00A5DE86 /* Sources */ = {
			isa = PBXSourcesBuildPhase;
			buildActionMask = 2147483647;
			files = (
				5FCD900D1E8D8EBA00DC1407 /* Settings+CoreDataProperties.swift in Sources */,
				5FCD900A1E8D8EBA00DC1407 /* Data+CoreDataClass.swift in Sources */,
				5F86FEA41E52632B00A5DE86 /* ViewController.swift in Sources */,
				5FCD900C1E8D8EBA00DC1407 /* Settings+CoreDataClass.swift in Sources */,
				5F0B225C1E582EBA00271CD3 /* SettingsVC.swift in Sources */,
				5F86FEA21E52632B00A5DE86 /* AppDelegate.swift in Sources */,
				5F86FEAA1E52632B00A5DE86 /* SlimTech.xcdatamodeld in Sources */,
				5FCD900B1E8D8EBA00DC1407 /* Data+CoreDataProperties.swift in Sources */,
			);
			runOnlyForDeploymentPostprocessing = 0;
		};
		5F86FEB11E52632B00A5DE86 /* Sources */ = {
			isa = PBXSourcesBuildPhase;
			buildActionMask = 2147483647;
			files = (
				5F86FEBA1E52632B00A5DE86 /* SlimTechTests.swift in Sources */,
			);
			runOnlyForDeploymentPostprocessing = 0;
		};
		5F86FEBC1E52632B00A5DE86 /* Sources */ = {
			isa = PBXSourcesBuildPhase;
			buildActionMask = 2147483647;
			files = (
				5F86FEC51E52632B00A5DE86 /* SlimTechUITests.swift in Sources */,
			);
			runOnlyForDeploymentPostprocessing = 0;
		};
		5F86FED21E5263AC00A5DE86 /* Sources */ = {
			isa = PBXSourcesBuildPhase;
			buildActionMask = 2147483647;
			files = (
				5F86FEFD1E5263D200A5DE86 /* JBBarChartView.m in Sources */,
				5F86FF011E5263D200A5DE86 /* JBLineChartView.m in Sources */,
				5F86FEFF1E5263D200A5DE86 /* JBChartView.m in Sources */,
			);
			runOnlyForDeploymentPostprocessing = 0;
		};
		5F86FEDB1E5263AC00A5DE86 /* Sources */ = {
			isa = PBXSourcesBuildPhase;
			buildActionMask = 2147483647;
			files = (
				5F86FEE71E5263AC00A5DE86 /* JBChartTests.m in Sources */,
			);
			runOnlyForDeploymentPostprocessing = 0;
		};
/* End PBXSourcesBuildPhase section */

/* Begin PBXTargetDependency section */
		5F86FEB71E52632B00A5DE86 /* PBXTargetDependency */ = {
			isa = PBXTargetDependency;
			target = 5F86FE9D1E52632B00A5DE86 /* SlimTech */;
			targetProxy = 5F86FEB61E52632B00A5DE86 /* PBXContainerItemProxy */;
		};
		5F86FEC21E52632B00A5DE86 /* PBXTargetDependency */ = {
			isa = PBXTargetDependency;
			target = 5F86FE9D1E52632B00A5DE86 /* SlimTech */;
			targetProxy = 5F86FEC11E52632B00A5DE86 /* PBXContainerItemProxy */;
		};
		5F86FEE21E5263AC00A5DE86 /* PBXTargetDependency */ = {
			isa = PBXTargetDependency;
			target = 5F86FED61E5263AC00A5DE86 /* JBChart */;
			targetProxy = 5F86FEE11E5263AC00A5DE86 /* PBXContainerItemProxy */;
		};
		5F86FEE41E5263AC00A5DE86 /* PBXTargetDependency */ = {
			isa = PBXTargetDependency;
			target = 5F86FE9D1E52632B00A5DE86 /* SlimTech */;
			targetProxy = 5F86FEE31E5263AC00A5DE86 /* PBXContainerItemProxy */;
		};
		5F86FEEB1E5263AC00A5DE86 /* PBXTargetDependency */ = {
			isa = PBXTargetDependency;
			target = 5F86FED61E5263AC00A5DE86 /* JBChart */;
			targetProxy = 5F86FEEA1E5263AC00A5DE86 /* PBXContainerItemProxy */;
		};
/* End PBXTargetDependency section */

/* Begin PBXVariantGroup section */
		5F86FEA51E52632B00A5DE86 /* Main.storyboard */ = {
			isa = PBXVariantGroup;
			children = (
				5F86FEA61E52632B00A5DE86 /* Base */,
			);
			name = Main.storyboard;
			sourceTree = "<group>";
		};
		5F86FEAD1E52632B00A5DE86 /* LaunchScreen.storyboard */ = {
			isa = PBXVariantGroup;
			children = (
				5F86FEAE1E52632B00A5DE86 /* Base */,
			);
			name = LaunchScreen.storyboard;
			sourceTree = "<group>";
		};
/* End PBXVariantGroup section */

/* Begin XCBuildConfiguration section */
		5F86FEC71E52632B00A5DE86 /* Debug */ = {
			isa = XCBuildConfiguration;
			buildSettings = {
				ALWAYS_SEARCH_USER_PATHS = NO;
				CLANG_ANALYZER_NONNULL = YES;
				CLANG_CXX_LANGUAGE_STANDARD = "gnu++0x";
				CLANG_CXX_LIBRARY = "libc++";
				CLANG_ENABLE_MODULES = YES;
				CLANG_ENABLE_OBJC_ARC = YES;
				CLANG_WARN_BOOL_CONVERSION = YES;
				CLANG_WARN_CONSTANT_CONVERSION = YES;
				CLANG_WARN_DIRECT_OBJC_ISA_USAGE = YES_ERROR;
				CLANG_WARN_DOCUMENTATION_COMMENTS = YES;
				CLANG_WARN_EMPTY_BODY = YES;
				CLANG_WARN_ENUM_CONVERSION = YES;
				CLANG_WARN_INFINITE_RECURSION = YES;
				CLANG_WARN_INT_CONVERSION = YES;
				CLANG_WARN_OBJC_ROOT_CLASS = YES_ERROR;
				CLANG_WARN_SUSPICIOUS_MOVE = YES;
				CLANG_WARN_UNREACHABLE_CODE = YES;
				CLANG_WARN__DUPLICATE_METHOD_MATCH = YES;
				"CODE_SIGN_IDENTITY[sdk=iphoneos*]" = "iPhone Developer";
				COPY_PHASE_STRIP = NO;
				DEBUG_INFORMATION_FORMAT = dwarf;
				ENABLE_STRICT_OBJC_MSGSEND = YES;
				ENABLE_TESTABILITY = YES;
				GCC_C_LANGUAGE_STANDARD = gnu99;
				GCC_DYNAMIC_NO_PIC = NO;
				GCC_NO_COMMON_BLOCKS = YES;
				GCC_OPTIMIZATION_LEVEL = 0;
				GCC_PREPROCESSOR_DEFINITIONS = (
					"DEBUG=1",
					"$(inherited)",
				);
				GCC_WARN_64_TO_32_BIT_CONVERSION = YES;
				GCC_WARN_ABOUT_RETURN_TYPE = YES_ERROR;
				GCC_WARN_UNDECLARED_SELECTOR = YES;
				GCC_WARN_UNINITIALIZED_AUTOS = YES_AGGRESSIVE;
				GCC_WARN_UNUSED_FUNCTION = YES;
				GCC_WARN_UNUSED_VARIABLE = YES;
				IPHONEOS_DEPLOYMENT_TARGET = 10.2;
				MTL_ENABLE_DEBUG_INFO = YES;
				ONLY_ACTIVE_ARCH = YES;
				SDKROOT = iphoneos;
				SWIFT_ACTIVE_COMPILATION_CONDITIONS = DEBUG;
				SWIFT_OPTIMIZATION_LEVEL = "-Onone";
			};
			name = Debug;
		};
		5F86FEC81E52632B00A5DE86 /* Release */ = {
			isa = XCBuildConfiguration;
			buildSettings = {
				ALWAYS_SEARCH_USER_PATHS = NO;
				CLANG_ANALYZER_NONNULL = YES;
				CLANG_CXX_LANGUAGE_STANDARD = "gnu++0x";
				CLANG_CXX_LIBRARY = "libc++";
				CLANG_ENABLE_MODULES = YES;
				CLANG_ENABLE_OBJC_ARC = YES;
				CLANG_WARN_BOOL_CONVERSION = YES;
				CLANG_WARN_CONSTANT_CONVERSION = YES;
				CLANG_WARN_DIRECT_OBJC_ISA_USAGE = YES_ERROR;
				CLANG_WARN_DOCUMENTATION_COMMENTS = YES;
				CLANG_WARN_EMPTY_BODY = YES;
				CLANG_WARN_ENUM_CONVERSION = YES;
				CLANG_WARN_INFINITE_RECURSION = YES;
				CLANG_WARN_INT_CONVERSION = YES;
				CLANG_WARN_OBJC_ROOT_CLASS = YES_ERROR;
				CLANG_WARN_SUSPICIOUS_MOVE = YES;
				CLANG_WARN_UNREACHABLE_CODE = YES;
				CLANG_WARN__DUPLICATE_METHOD_MATCH = YES;
				"CODE_SIGN_IDENTITY[sdk=iphoneos*]" = "iPhone Developer";
				COPY_PHASE_STRIP = NO;
				DEBUG_INFORMATION_FORMAT = "dwarf-with-dsym";
				ENABLE_NS_ASSERTIONS = NO;
				ENABLE_STRICT_OBJC_MSGSEND = YES;
				GCC_C_LANGUAGE_STANDARD = gnu99;
				GCC_NO_COMMON_BLOCKS = YES;
				GCC_WARN_64_TO_32_BIT_CONVERSION = YES;
				GCC_WARN_ABOUT_RETURN_TYPE = YES_ERROR;
				GCC_WARN_UNDECLARED_SELECTOR = YES;
				GCC_WARN_UNINITIALIZED_AUTOS = YES_AGGRESSIVE;
				GCC_WARN_UNUSED_FUNCTION = YES;
				GCC_WARN_UNUSED_VARIABLE = YES;
				IPHONEOS_DEPLOYMENT_TARGET = 10.2;
				MTL_ENABLE_DEBUG_INFO = NO;
				SDKROOT = iphoneos;
				SWIFT_OPTIMIZATION_LEVEL = "-Owholemodule";
				VALIDATE_PRODUCT = YES;
			};
			name = Release;
		};
		5F86FECA1E52632B00A5DE86 /* Debug */ = {
			isa = XCBuildConfiguration;
			buildSettings = {
				ASSETCATALOG_COMPILER_APPICON_NAME = AppIcon;
				INFOPLIST_FILE = SlimTech/Info.plist;
				LD_RUNPATH_SEARCH_PATHS = "$(inherited) @executable_path/Frameworks";
				PRODUCT_BUNDLE_IDENTIFIER = DLR.SlimTech;
				PRODUCT_NAME = "$(TARGET_NAME)";
				SWIFT_VERSION = 3.0;
			};
			name = Debug;
		};
		5F86FECB1E52632B00A5DE86 /* Release */ = {
			isa = XCBuildConfiguration;
			buildSettings = {
				ASSETCATALOG_COMPILER_APPICON_NAME = AppIcon;
				INFOPLIST_FILE = SlimTech/Info.plist;
				LD_RUNPATH_SEARCH_PATHS = "$(inherited) @executable_path/Frameworks";
				PRODUCT_BUNDLE_IDENTIFIER = DLR.SlimTech;
				PRODUCT_NAME = "$(TARGET_NAME)";
				SWIFT_VERSION = 3.0;
			};
			name = Release;
		};
		5F86FECD1E52632B00A5DE86 /* Debug */ = {
			isa = XCBuildConfiguration;
			buildSettings = {
				ALWAYS_EMBED_SWIFT_STANDARD_LIBRARIES = YES;
				BUNDLE_LOADER = "$(TEST_HOST)";
				INFOPLIST_FILE = SlimTechTests/Info.plist;
				LD_RUNPATH_SEARCH_PATHS = "$(inherited) @executable_path/Frameworks @loader_path/Frameworks";
				PRODUCT_BUNDLE_IDENTIFIER = DLR.SlimTechTests;
				PRODUCT_NAME = "$(TARGET_NAME)";
				SWIFT_VERSION = 3.0;
				TEST_HOST = "$(BUILT_PRODUCTS_DIR)/SlimTech.app/SlimTech";
			};
			name = Debug;
		};
		5F86FECE1E52632B00A5DE86 /* Release */ = {
			isa = XCBuildConfiguration;
			buildSettings = {
				ALWAYS_EMBED_SWIFT_STANDARD_LIBRARIES = YES;
				BUNDLE_LOADER = "$(TEST_HOST)";
				INFOPLIST_FILE = SlimTechTests/Info.plist;
				LD_RUNPATH_SEARCH_PATHS = "$(inherited) @executable_path/Frameworks @loader_path/Frameworks";
				PRODUCT_BUNDLE_IDENTIFIER = DLR.SlimTechTests;
				PRODUCT_NAME = "$(TARGET_NAME)";
				SWIFT_VERSION = 3.0;
				TEST_HOST = "$(BUILT_PRODUCTS_DIR)/SlimTech.app/SlimTech";
			};
			name = Release;
		};
		5F86FED01E52632B00A5DE86 /* Debug */ = {
			isa = XCBuildConfiguration;
			buildSettings = {
				ALWAYS_EMBED_SWIFT_STANDARD_LIBRARIES = YES;
				INFOPLIST_FILE = SlimTechUITests/Info.plist;
				LD_RUNPATH_SEARCH_PATHS = "$(inherited) @executable_path/Frameworks @loader_path/Frameworks";
				PRODUCT_BUNDLE_IDENTIFIER = DLR.SlimTechUITests;
				PRODUCT_NAME = "$(TARGET_NAME)";
				SWIFT_VERSION = 3.0;
				TEST_TARGET_NAME = SlimTech;
			};
			name = Debug;
		};
		5F86FED11E52632B00A5DE86 /* Release */ = {
			isa = XCBuildConfiguration;
			buildSettings = {
				ALWAYS_EMBED_SWIFT_STANDARD_LIBRARIES = YES;
				INFOPLIST_FILE = SlimTechUITests/Info.plist;
				LD_RUNPATH_SEARCH_PATHS = "$(inherited) @executable_path/Frameworks @loader_path/Frameworks";
				PRODUCT_BUNDLE_IDENTIFIER = DLR.SlimTechUITests;
				PRODUCT_NAME = "$(TARGET_NAME)";
				SWIFT_VERSION = 3.0;
				TEST_TARGET_NAME = SlimTech;
			};
			name = Release;
		};
		5F86FEEF1E5263AC00A5DE86 /* Debug */ = {
			isa = XCBuildConfiguration;
			buildSettings = {
				CODE_SIGN_IDENTITY = "";
				CURRENT_PROJECT_VERSION = 1;
				DEFINES_MODULE = YES;
				DYLIB_COMPATIBILITY_VERSION = 1;
				DYLIB_CURRENT_VERSION = 1;
				DYLIB_INSTALL_NAME_BASE = "@rpath";
				INFOPLIST_FILE = JBChart/Info.plist;
				INSTALL_PATH = "$(LOCAL_LIBRARY_DIR)/Frameworks";
				LD_RUNPATH_SEARCH_PATHS = "$(inherited) @executable_path/Frameworks @loader_path/Frameworks";
				PRODUCT_BUNDLE_IDENTIFIER = come.Jawbone.JBChart;
				PRODUCT_NAME = "$(TARGET_NAME)";
				SKIP_INSTALL = YES;
				TARGETED_DEVICE_FAMILY = "1,2";
				VERSIONING_SYSTEM = "apple-generic";
				VERSION_INFO_PREFIX = "";
			};
			name = Debug;
		};
		5F86FEF01E5263AC00A5DE86 /* Release */ = {
			isa = XCBuildConfiguration;
			buildSettings = {
				CODE_SIGN_IDENTITY = "";
				CURRENT_PROJECT_VERSION = 1;
				DEFINES_MODULE = YES;
				DYLIB_COMPATIBILITY_VERSION = 1;
				DYLIB_CURRENT_VERSION = 1;
				DYLIB_INSTALL_NAME_BASE = "@rpath";
				INFOPLIST_FILE = JBChart/Info.plist;
				INSTALL_PATH = "$(LOCAL_LIBRARY_DIR)/Frameworks";
				LD_RUNPATH_SEARCH_PATHS = "$(inherited) @executable_path/Frameworks @loader_path/Frameworks";
				PRODUCT_BUNDLE_IDENTIFIER = come.Jawbone.JBChart;
				PRODUCT_NAME = "$(TARGET_NAME)";
				SKIP_INSTALL = YES;
				TARGETED_DEVICE_FAMILY = "1,2";
				VERSIONING_SYSTEM = "apple-generic";
				VERSION_INFO_PREFIX = "";
			};
			name = Release;
		};
		5F86FEF31E5263AC00A5DE86 /* Debug */ = {
			isa = XCBuildConfiguration;
			buildSettings = {
				ALWAYS_EMBED_SWIFT_STANDARD_LIBRARIES = YES;
				INFOPLIST_FILE = JBChartTests/Info.plist;
				LD_RUNPATH_SEARCH_PATHS = "$(inherited) @executable_path/Frameworks @loader_path/Frameworks";
				PRODUCT_BUNDLE_IDENTIFIER = come.Jawbone.JBChartTests;
				PRODUCT_NAME = "$(TARGET_NAME)";
				TEST_HOST = "$(BUILT_PRODUCTS_DIR)/SlimTech.app/SlimTech";
			};
			name = Debug;
		};
		5F86FEF41E5263AC00A5DE86 /* Release */ = {
			isa = XCBuildConfiguration;
			buildSettings = {
				ALWAYS_EMBED_SWIFT_STANDARD_LIBRARIES = YES;
				INFOPLIST_FILE = JBChartTests/Info.plist;
				LD_RUNPATH_SEARCH_PATHS = "$(inherited) @executable_path/Frameworks @loader_path/Frameworks";
				PRODUCT_BUNDLE_IDENTIFIER = come.Jawbone.JBChartTests;
				PRODUCT_NAME = "$(TARGET_NAME)";
				TEST_HOST = "$(BUILT_PRODUCTS_DIR)/SlimTech.app/SlimTech";
			};
			name = Release;
		};
/* End XCBuildConfiguration section */

/* Begin XCConfigurationList section */
		5F86FE991E52632B00A5DE86 /* Build configuration list for PBXProject "SlimTech" */ = {
			isa = XCConfigurationList;
			buildConfigurations = (
				5F86FEC71E52632B00A5DE86 /* Debug */,
				5F86FEC81E52632B00A5DE86 /* Release */,
			);
			defaultConfigurationIsVisible = 0;
			defaultConfigurationName = Release;
		};
		5F86FEC91E52632B00A5DE86 /* Build configuration list for PBXNativeTarget "SlimTech" */ = {
			isa = XCConfigurationList;
			buildConfigurations = (
				5F86FECA1E52632B00A5DE86 /* Debug */,
				5F86FECB1E52632B00A5DE86 /* Release */,
			);
			defaultConfigurationIsVisible = 0;
			defaultConfigurationName = Release;
		};
		5F86FECC1E52632B00A5DE86 /* Build configuration list for PBXNativeTarget "SlimTechTests" */ = {
			isa = XCConfigurationList;
			buildConfigurations = (
				5F86FECD1E52632B00A5DE86 /* Debug */,
				5F86FECE1E52632B00A5DE86 /* Release */,
			);
			defaultConfigurationIsVisible = 0;
			defaultConfigurationName = Release;
		};
		5F86FECF1E52632B00A5DE86 /* Build configuration list for PBXNativeTarget "SlimTechUITests" */ = {
			isa = XCConfigurationList;
			buildConfigurations = (
				5F86FED01E52632B00A5DE86 /* Debug */,
				5F86FED11E52632B00A5DE86 /* Release */,
			);
			defaultConfigurationIsVisible = 0;
			defaultConfigurationName = Release;
		};
		5F86FEEE1E5263AC00A5DE86 /* Build configuration list for PBXNativeTarget "JBChart" */ = {
			isa = XCConfigurationList;
			buildConfigurations = (
				5F86FEEF1E5263AC00A5DE86 /* Debug */,
				5F86FEF01E5263AC00A5DE86 /* Release */,
			);
			defaultConfigurationIsVisible = 0;
			defaultConfigurationName = Release;
		};
		5F86FEF21E5263AC00A5DE86 /* Build configuration list for PBXNativeTarget "JBChartTests" */ = {
			isa = XCConfigurationList;
			buildConfigurations = (
				5F86FEF31E5263AC00A5DE86 /* Debug */,
				5F86FEF41E5263AC00A5DE86 /* Release */,
			);
			defaultConfigurationIsVisible = 0;
			defaultConfigurationName = Release;
		};
/* End XCConfigurationList section */

/* Begin XCVersionGroup section */
		5F86FEA81E52632B00A5DE86 /* SlimTech.xcdatamodeld */ = {
			isa = XCVersionGroup;
			children = (
				5F86FEA91E52632B00A5DE86 /* SlimTech.xcdatamodel */,
			);
			currentVersion = 5F86FEA91E52632B00A5DE86 /* SlimTech.xcdatamodel */;
			path = SlimTech.xcdatamodeld;
			sourceTree = "<group>";
			versionGroupType = wrapper.xcdatamodel;
		};
/* End XCVersionGroup section */
	};
	rootObject = 5F86FE961E52632B00A5DE86 /* Project object */;
}
